
Microsoft Visual Studio Solution File, Format Version 12.00
# Visual Studio 15
VisualStudioVersion = 15.0.27130.2027
MinimumVisualStudioVersion = 10.0.40219.1
Project("{FAE04EC0-301F-11D3-BF4B-00C04F79EFBC}") = "LisAndWri", "LisAndWri\LisAndWri.csproj", "{62739CA0-2917-4A9A-950F-86D2155E5FFC}"
EndProject
Global
	GlobalSection(SolutionConfigurationPlatforms) = preSolution
		Debug|Any CPU = Debug|Any CPU
		Release|Any CPU = Release|Any CPU
	EndGlobalSection
	GlobalSection(ProjectConfigurationPlatforms) = postSolution
		{62739CA0-2917-4A9A-950F-86D2155E5FFC}.Debug|Any CPU.ActiveCfg = Debug|Any CPU
		{62739CA0-2917-4A9A-950F-86D2155E5FFC}.Debug|Any CPU.Build.0 = Debug|Any CPU
		{62739CA0-2917-4A9A-950F-86D2155E5FFC}.Release|Any CPU.ActiveCfg = Release|Any CPU
		{62739CA0-2917-4A9A-950F-86D2155E5FFC}.Release|Any CPU.Build.0 = Release|Any CPU
	EndGlobalSection
	GlobalSection(SolutionProperties) = preSolution
		HideSolutionNode = FALSE
	EndGlobalSection
	GlobalSection(ExtensibilityGlobals) = postSolution
		SolutionGuid = {1979B81F-0C3E-49BD-A922-9F0F5148533C}
	EndGlobalSection
EndGlobal
